{
  "lockfileVersion": 1,
  "configVersion": 1,
  "workspaces": {
    "": {
      "name": "itunes-proxy",
      "dependencies": {
        "undici": "^8.7.0",
      },
    },
  },
  "packages": {
    "undici": ["undici@8.7.0", "", {}, "sha512-N7iQtfyLhIMOFgQubvmLV26svHpO0bqKnAiWotTQCVKCmWrcGbBotPuW1x+xwYZ2VHdSTVUfPQQnlEt1/LouTQ=="],
  }
}
